
Microsoft Visual Studio Solution File, Format Version 12.00
# Visual Studio 14
VisualStudioVersion = 14.0.24720.0
MinimumVisualStudioVersion = 10.0.40219.1
Project("{E24C65DC-7377-472B-9ABA-BC803B73C61A}") = "MVCWebSite1", "..\..\WebSites\MVCWebSite1\", "{AF16DC97-9CF9-4934-B8A1-943C93CB0EEB}"
	ProjectSection(WebsiteProperties) = preProject
		TargetFrameworkMoniker = ".NETFramework,Version%3Dv4.5"
		Debug.AspNetCompiler.VirtualPath = "/localhost_36278"
		Debug.AspNetCompiler.PhysicalPath = "..\..\WebSites\MVCWebSite1\"
		Debug.AspNetCompiler.TargetPath = "PrecompiledWeb\localhost_36278\"
		Debug.AspNetCompiler.Updateable = "true"
		Debug.AspNetCompiler.ForceOverwrite = "true"
		Debug.AspNetCompiler.FixedNames = "false"
		Debug.AspNetCompiler.Debug = "True"
		Release.AspNetCompiler.VirtualPath = "/localhost_36278"
		Release.AspNetCompiler.PhysicalPath = "..\..\WebSites\MVCWebSite1\"
		Release.AspNetCompiler.TargetPath = "PrecompiledWeb\localhost_36278\"
		Release.AspNetCompiler.Updateable = "true"
		Release.AspNetCompiler.ForceOverwrite = "true"
		Release.AspNetCompiler.FixedNames = "false"
		Release.AspNetCompiler.Debug = "False"
		VWDPort = "36278"
		DefaultWebSiteLanguage = "Visual C#"
	EndProjectSection
EndProject
Global
	GlobalSection(SolutionConfigurationPlatforms) = preSolution
		Debug|Any CPU = Debug|Any CPU
	EndGlobalSection
	GlobalSection(ProjectConfigurationPlatforms) = postSolution
		{AF16DC97-9CF9-4934-B8A1-943C93CB0EEB}.Debug|Any CPU.ActiveCfg = Debug|Any CPU
		{AF16DC97-9CF9-4934-B8A1-943C93CB0EEB}.Debug|Any CPU.Build.0 = Debug|Any CPU
	EndGlobalSection
	GlobalSection(SolutionProperties) = preSolution
		HideSolutionNode = FALSE
	EndGlobalSection
EndGlobal
